// !$*UTF8*$!
{
	archiveVersion = 1;
	classes = {
	};
	objectVersion = 46;
	objects = {

/* Begin PBXBuildFile section */
		11375E1007CB07BE6BE2C692 /* Pods_YTS.framework in Frameworks */ = {isa = PBXBuildFile; fileRef = B70731C98F6C8AB1E94FEFF8 /* Pods_YTS.framework */; };
		F77756101E10F49800CE64C3 /* AppDelegate.swift in Sources */ = {isa = PBXBuildFile; fileRef = F777560F1E10F49800CE64C3 /* AppDelegate.swift */; };
		F77756121E10F49800CE64C3 /* Assets.xcassets in Resources */ = {isa = PBXBuildFile; fileRef = F77756111E10F49800CE64C3 /* Assets.xcassets */; };
		F77756151E10F49800CE64C3 /* MainMenu.xib in Resources */ = {isa = PBXBuildFile; fileRef = F77756131E10F49800CE64C3 /* MainMenu.xib */; };
		F777561D1E10F51B00CE64C3 /* StatusMenuController.swift in Sources */ = {isa = PBXBuildFile; fileRef = F777561C1E10F51B00CE64C3 /* StatusMenuController.swift */; };
		F77756211E1105D800CE64C3 /* Server.swift in Sources */ = {isa = PBXBuildFile; fileRef = F77756201E1105D800CE64C3 /* Server.swift */; };
		F77756241E1107CE00CE64C3 /* Extensions.swift in Sources */ = {isa = PBXBuildFile; fileRef = F77756231E1107CE00CE64C3 /* Extensions.swift */; };
		F77756281E110FE400CE64C3 /* Torrentino.swift in Sources */ = {isa = PBXBuildFile; fileRef = F77756271E110FE400CE64C3 /* Torrentino.swift */; };
		F777562B1E11107B00CE64C3 /* EnumsAPI.swift in Sources */ = {isa = PBXBuildFile; fileRef = F777562A1E11107B00CE64C3 /* EnumsAPI.swift */; };
		F777562D1E11129200CE64C3 /* Parser.swift in Sources */ = {isa = PBXBuildFile; fileRef = F777562C1E11129200CE64C3 /* Parser.swift */; };
		F77756301E11153E00CE64C3 /* Movie.swift in Sources */ = {isa = PBXBuildFile; fileRef = F777562F1E11153E00CE64C3 /* Movie.swift */; };
		F77756321E11155A00CE64C3 /* Torrent.swift in Sources */ = {isa = PBXBuildFile; fileRef = F77756311E11155A00CE64C3 /* Torrent.swift */; };
		F77756341E11158D00CE64C3 /* Genre.swift in Sources */ = {isa = PBXBuildFile; fileRef = F77756331E11158D00CE64C3 /* Genre.swift */; };
		F77756361E1116C800CE64C3 /* MoviesAPI.swift in Sources */ = {isa = PBXBuildFile; fileRef = F77756351E1116C800CE64C3 /* MoviesAPI.swift */; };
		F7ECA0131E12B5C200337A0B /* AboutWindowController.swift in Sources */ = {isa = PBXBuildFile; fileRef = F7ECA0111E12B5C200337A0B /* AboutWindowController.swift */; };
		F7ECA0141E12B5C200337A0B /* AboutWindowController.xib in Resources */ = {isa = PBXBuildFile; fileRef = F7ECA0121E12B5C200337A0B /* AboutWindowController.xib */; };
		F7ECA0161E12BCCD00337A0B /* about.html in Resources */ = {isa = PBXBuildFile; fileRef = F7ECA0151E12BCCD00337A0B /* about.html */; };
		F7ECA01A1E12C13800337A0B /* logo.png in Resources */ = {isa = PBXBuildFile; fileRef = F7ECA0191E12C13800337A0B /* logo.png */; };
		F7FA29131E1297A900CD5536 /* ParserPreferencesViewController.swift in Sources */ = {isa = PBXBuildFile; fileRef = F7FA29111E1297A900CD5536 /* ParserPreferencesViewController.swift */; };
		F7FA29141E1297A900CD5536 /* ParserPreferencesViewController.xib in Resources */ = {isa = PBXBuildFile; fileRef = F7FA29121E1297A900CD5536 /* ParserPreferencesViewController.xib */; };
		F7FA29171E12982300CD5536 /* ServerPreferencesViewController.swift in Sources */ = {isa = PBXBuildFile; fileRef = F7FA29151E12982300CD5536 /* ServerPreferencesViewController.swift */; };
		F7FA29181E12982300CD5536 /* ServerPreferencesViewController.xib in Resources */ = {isa = PBXBuildFile; fileRef = F7FA29161E12982300CD5536 /* ServerPreferencesViewController.xib */; };
/* End PBXBuildFile section */

/* Begin PBXFileReference section */
		B70731C98F6C8AB1E94FEFF8 /* Pods_YTS.framework */ = {isa = PBXFileReference; explicitFileType = wrapper.framework; includeInIndex = 0; path = Pods_YTS.framework; sourceTree = BUILT_PRODUCTS_DIR; };
		C273B8791CF7D39B4B42AF54 /* Pods-YTS.debug.xcconfig */ = {isa = PBXFileReference; includeInIndex = 1; lastKnownFileType = text.xcconfig; name = "Pods-YTS.debug.xcconfig"; path = "Pods/Target Support Files/Pods-YTS/Pods-YTS.debug.xcconfig"; sourceTree = "<group>"; };
		C32C206F283B7735D4BB1AFB /* Pods-YTS.release.xcconfig */ = {isa = PBXFileReference; includeInIndex = 1; lastKnownFileType = text.xcconfig; name = "Pods-YTS.release.xcconfig"; path = "Pods/Target Support Files/Pods-YTS/Pods-YTS.release.xcconfig"; sourceTree = "<group>"; };
		F777560C1E10F49800CE64C3 /* YTS.app */ = {isa = PBXFileReference; explicitFileType = wrapper.application; includeInIndex = 0; path = YTS.app; sourceTree = BUILT_PRODUCTS_DIR; };
		F777560F1E10F49800CE64C3 /* AppDelegate.swift */ = {isa = PBXFileReference; lastKnownFileType = sourcecode.swift; path = AppDelegate.swift; sourceTree = "<group>"; };
		F77756111E10F49800CE64C3 /* Assets.xcassets */ = {isa = PBXFileReference; lastKnownFileType = folder.assetcatalog; path = Assets.xcassets; sourceTree = "<group>"; };
		F77756141E10F49800CE64C3 /* Base */ = {isa = PBXFileReference; lastKnownFileType = file.xib; name = Base; path = Base.lproj/MainMenu.xib; sourceTree = "<group>"; };
		F77756161E10F49800CE64C3 /* Info.plist */ = {isa = PBXFileReference; lastKnownFileType = text.plist.xml; path = Info.plist; sourceTree = "<group>"; };
		F777561C1E10F51B00CE64C3 /* StatusMenuController.swift */ = {isa = PBXFileReference; fileEncoding = 4; lastKnownFileType = sourcecode.swift; path = StatusMenuController.swift; sourceTree = "<group>"; };
		F77756201E1105D800CE64C3 /* Server.swift */ = {isa = PBXFileReference; fileEncoding = 4; lastKnownFileType = sourcecode.swift; path = Server.swift; sourceTree = "<group>"; };
		F77756231E1107CE00CE64C3 /* Extensions.swift */ = {isa = PBXFileReference; fileEncoding = 4; lastKnownFileType = sourcecode.swift; path = Extensions.swift; sourceTree = "<group>"; };
		F77756271E110FE400CE64C3 /* Torrentino.swift */ = {isa = PBXFileReference; fileEncoding = 4; lastKnownFileType = sourcecode.swift; path = Torrentino.swift; sourceTree = "<group>"; };
		F777562A1E11107B00CE64C3 /* EnumsAPI.swift */ = {isa = PBXFileReference; fileEncoding = 4; lastKnownFileType = sourcecode.swift; path = EnumsAPI.swift; sourceTree = "<group>"; };
		F777562C1E11129200CE64C3 /* Parser.swift */ = {isa = PBXFileReference; fileEncoding = 4; lastKnownFileType = sourcecode.swift; path = Parser.swift; sourceTree = "<group>"; };
		F777562F1E11153E00CE64C3 /* Movie.swift */ = {isa = PBXFileReference; fileEncoding = 4; lastKnownFileType = sourcecode.swift; path = Movie.swift; sourceTree = "<group>"; };
		F77756311E11155A00CE64C3 /* Torrent.swift */ = {isa = PBXFileReference; fileEncoding = 4; lastKnownFileType = sourcecode.swift; path = Torrent.swift; sourceTree = "<group>"; };
		F77756331E11158D00CE64C3 /* Genre.swift */ = {isa = PBXFileReference; fileEncoding = 4; lastKnownFileType = sourcecode.swift; path = Genre.swift; sourceTree = "<group>"; };
		F77756351E1116C800CE64C3 /* MoviesAPI.swift */ = {isa = PBXFileReference; fileEncoding = 4; lastKnownFileType = sourcecode.swift; path = MoviesAPI.swift; sourceTree = "<group>"; };
		F7ECA0111E12B5C200337A0B /* AboutWindowController.swift */ = {isa = PBXFileReference; fileEncoding = 4; lastKnownFileType = sourcecode.swift; path = AboutWindowController.swift; sourceTree = "<group>"; };
		F7ECA0121E12B5C200337A0B /* AboutWindowController.xib */ = {isa = PBXFileReference; fileEncoding = 4; lastKnownFileType = file.xib; path = AboutWindowController.xib; sourceTree = "<group>"; };
		F7ECA0151E12BCCD00337A0B /* about.html */ = {isa = PBXFileReference; fileEncoding = 4; lastKnownFileType = text.html; path = about.html; sourceTree = "<group>"; };
		F7ECA0191E12C13800337A0B /* logo.png */ = {isa = PBXFileReference; lastKnownFileType = image.png; path = logo.png; sourceTree = "<group>"; };
		F7FA29111E1297A900CD5536 /* ParserPreferencesViewController.swift */ = {isa = PBXFileReference; fileEncoding = 4; lastKnownFileType = sourcecode.swift; path = ParserPreferencesViewController.swift; sourceTree = "<group>"; };
		F7FA29121E1297A900CD5536 /* ParserPreferencesViewController.xib */ = {isa = PBXFileReference; fileEncoding = 4; lastKnownFileType = file.xib; path = ParserPreferencesViewController.xib; sourceTree = "<group>"; };
		F7FA29151E12982300CD5536 /* ServerPreferencesViewController.swift */ = {isa = PBXFileReference; fileEncoding = 4; lastKnownFileType = sourcecode.swift; path = ServerPreferencesViewController.swift; sourceTree = "<group>"; };
		F7FA29161E12982300CD5536 /* ServerPreferencesViewController.xib */ = {isa = PBXFileReference; fileEncoding = 4; lastKnownFileType = file.xib; path = ServerPreferencesViewController.xib; sourceTree = "<group>"; };
/* End PBXFileReference section */

/* Begin PBXFrameworksBuildPhase section */
		F77756091E10F49800CE64C3 /* Frameworks */ = {
			isa = PBXFrameworksBuildPhase;
			buildActionMask = 2147483647;
			files = (
				11375E1007CB07BE6BE2C692 /* Pods_YTS.framework in Frameworks */,
			);
			runOnlyForDeploymentPostprocessing = 0;
		};
/* End PBXFrameworksBuildPhase section */

/* Begin PBXGroup section */
		01061F3E80DA76330991BCF8 /* Pods */ = {
			isa = PBXGroup;
			children = (
				C273B8791CF7D39B4B42AF54 /* Pods-YTS.debug.xcconfig */,
				C32C206F283B7735D4BB1AFB /* Pods-YTS.release.xcconfig */,
			);
			name = Pods;
			sourceTree = "<group>";
		};
		9B60458297C584FC4B7AB86C /* Frameworks */ = {
			isa = PBXGroup;
			children = (
				B70731C98F6C8AB1E94FEFF8 /* Pods_YTS.framework */,
			);
			name = Frameworks;
			sourceTree = "<group>";
		};
		F77756031E10F49800CE64C3 = {
			isa = PBXGroup;
			children = (
				F777560E1E10F49800CE64C3 /* YTS */,
				F777560D1E10F49800CE64C3 /* Products */,
				01061F3E80DA76330991BCF8 /* Pods */,
				9B60458297C584FC4B7AB86C /* Frameworks */,
			);
			sourceTree = "<group>";
		};
		F777560D1E10F49800CE64C3 /* Products */ = {
			isa = PBXGroup;
			children = (
				F777560C1E10F49800CE64C3 /* YTS.app */,
			);
			name = Products;
			sourceTree = "<group>";
		};
		F777560E1E10F49800CE64C3 /* YTS */ = {
			isa = PBXGroup;
			children = (
				F7FA29191E12B1E700CD5536 /* About */,
				F7FA29081E12572500CD5536 /* Preferences */,
				F777562E1E11152F00CE64C3 /* Models */,
				F77756291E11105E00CE64C3 /* API */,
				F77756261E110FD000CE64C3 /* Trackers */,
				F77756221E1107C000CE64C3 /* Helpers */,
				F77756251E110E6800CE64C3 /* Supporting Files */,
				F77756201E1105D800CE64C3 /* Server.swift */,
				F777562C1E11129200CE64C3 /* Parser.swift */,
				F777561C1E10F51B00CE64C3 /* StatusMenuController.swift */,
			);
			path = YTS;
			sourceTree = "<group>";
		};
		F77756221E1107C000CE64C3 /* Helpers */ = {
			isa = PBXGroup;
			children = (
				F77756231E1107CE00CE64C3 /* Extensions.swift */,
			);
			name = Helpers;
			sourceTree = "<group>";
		};
		F77756251E110E6800CE64C3 /* Supporting Files */ = {
			isa = PBXGroup;
			children = (
				F7ECA0191E12C13800337A0B /* logo.png */,
				F777560F1E10F49800CE64C3 /* AppDelegate.swift */,
				F77756111E10F49800CE64C3 /* Assets.xcassets */,
				F77756131E10F49800CE64C3 /* MainMenu.xib */,
				F77756161E10F49800CE64C3 /* Info.plist */,
			);
			name = "Supporting Files";
			sourceTree = "<group>";
		};
		F77756261E110FD000CE64C3 /* Trackers */ = {
			isa = PBXGroup;
			children = (
				F77756271E110FE400CE64C3 /* Torrentino.swift */,
			);
			name = Trackers;
			sourceTree = "<group>";
		};
		F77756291E11105E00CE64C3 /* API */ = {
			isa = PBXGroup;
			children = (
				F777562A1E11107B00CE64C3 /* EnumsAPI.swift */,
				F77756351E1116C800CE64C3 /* MoviesAPI.swift */,
			);
			name = API;
			sourceTree = "<group>";
		};
		F777562E1E11152F00CE64C3 /* Models */ = {
			isa = PBXGroup;
			children = (
				F777562F1E11153E00CE64C3 /* Movie.swift */,
				F77756311E11155A00CE64C3 /* Torrent.swift */,
				F77756331E11158D00CE64C3 /* Genre.swift */,
			);
			name = Models;
			sourceTree = "<group>";
		};
		F7FA29081E12572500CD5536 /* Preferences */ = {
			isa = PBXGroup;
			children = (
				F7FA29111E1297A900CD5536 /* ParserPreferencesViewController.swift */,
				F7FA29121E1297A900CD5536 /* ParserPreferencesViewController.xib */,
				F7FA29151E12982300CD5536 /* ServerPreferencesViewController.swift */,
				F7FA29161E12982300CD5536 /* ServerPreferencesViewController.xib */,
			);
			name = Preferences;
			sourceTree = "<group>";
		};
		F7FA29191E12B1E700CD5536 /* About */ = {
			isa = PBXGroup;
			children = (
				F7ECA0111E12B5C200337A0B /* AboutWindowController.swift */,
				F7ECA0121E12B5C200337A0B /* AboutWindowController.xib */,
				F7ECA0151E12BCCD00337A0B /* about.html */,
			);
			name = About;
			sourceTree = "<group>";
		};
/* End PBXGroup section */

/* Begin PBXNativeTarget section */
		F777560B1E10F49800CE64C3 /* YTS */ = {
			isa = PBXNativeTarget;
			buildConfigurationList = F77756191E10F49800CE64C3 /* Build configuration list for PBXNativeTarget "YTS" */;
			buildPhases = (
				1BAAED8763F8BEA05063DC04 /* [CP] Check Pods Manifest.lock */,
				F77756081E10F49800CE64C3 /* Sources */,
				F77756091E10F49800CE64C3 /* Frameworks */,
				F777560A1E10F49800CE64C3 /* Resources */,
				C525E4258503A97774A2736F /* [CP] Embed Pods Frameworks */,
				49831D57E186DE3DD6A78D4B /* [CP] Copy Pods Resources */,
			);
			buildRules = (
			);
			dependencies = (
			);
			name = YTS;
			productName = YTS;
			productReference = F777560C1E10F49800CE64C3 /* YTS.app */;
			productType = "com.apple.product-type.application";
		};
/* End PBXNativeTarget section */

/* Begin PBXProject section */
		F77756041E10F49800CE64C3 /* Project object */ = {
			isa = PBXProject;
			attributes = {
				LastSwiftUpdateCheck = 0820;
				LastUpgradeCheck = 0820;
				ORGANIZATIONNAME = "Igor Voynov";
				TargetAttributes = {
					F777560B1E10F49800CE64C3 = {
						CreatedOnToolsVersion = 8.2.1;
						DevelopmentTeam = URPAD7DNKD;
						ProvisioningStyle = Automatic;
					};
				};
			};
			buildConfigurationList = F77756071E10F49800CE64C3 /* Build configuration list for PBXProject "YTS" */;
			compatibilityVersion = "Xcode 3.2";
			developmentRegion = English;
			hasScannedForEncodings = 0;
			knownRegions = (
				en,
				Base,
			);
			mainGroup = F77756031E10F49800CE64C3;
			productRefGroup = F777560D1E10F49800CE64C3 /* Products */;
			projectDirPath = "";
			projectRoot = "";
			targets = (
				F777560B1E10F49800CE64C3 /* YTS */,
			);
		};
/* End PBXProject section */

/* Begin PBXResourcesBuildPhase section */
		F777560A1E10F49800CE64C3 /* Resources */ = {
			isa = PBXResourcesBuildPhase;
			buildActionMask = 2147483647;
			files = (
				F7ECA0161E12BCCD00337A0B /* about.html in Resources */,
				F7ECA01A1E12C13800337A0B /* logo.png in Resources */,
				F77756121E10F49800CE64C3 /* Assets.xcassets in Resources */,
				F7FA29141E1297A900CD5536 /* ParserPreferencesViewController.xib in Resources */,
				F77756151E10F49800CE64C3 /* MainMenu.xib in Resources */,
				F7ECA0141E12B5C200337A0B /* AboutWindowController.xib in Resources */,
				F7FA29181E12982300CD5536 /* ServerPreferencesViewController.xib in Resources */,
			);
			runOnlyForDeploymentPostprocessing = 0;
		};
/* End PBXResourcesBuildPhase section */

/* Begin PBXShellScriptBuildPhase section */
		1BAAED8763F8BEA05063DC04 /* [CP] Check Pods Manifest.lock */ = {
			isa = PBXShellScriptBuildPhase;
			buildActionMask = 2147483647;
			files = (
			);
			inputPaths = (
			);
			name = "[CP] Check Pods Manifest.lock";
			outputPaths = (
			);
			runOnlyForDeploymentPostprocessing = 0;
			shellPath = /bin/sh;
			shellScript = "diff \"${PODS_ROOT}/../Podfile.lock\" \"${PODS_ROOT}/Manifest.lock\" > /dev/null\nif [ $? != 0 ] ; then\n    # print error to STDERR\n    echo \"error: The sandbox is not in sync with the Podfile.lock. Run 'pod install' or update your CocoaPods installation.\" >&2\n    exit 1\nfi\n";
			showEnvVarsInLog = 0;
		};
		49831D57E186DE3DD6A78D4B /* [CP] Copy Pods Resources */ = {
			isa = PBXShellScriptBuildPhase;
			buildActionMask = 2147483647;
			files = (
			);
			inputPaths = (
			);
			name = "[CP] Copy Pods Resources";
			outputPaths = (
			);
			runOnlyForDeploymentPostprocessing = 0;
			shellPath = /bin/sh;
			shellScript = "\"${SRCROOT}/Pods/Target Support Files/Pods-YTS/Pods-YTS-resources.sh\"\n";
			showEnvVarsInLog = 0;
		};
		C525E4258503A97774A2736F /* [CP] Embed Pods Frameworks */ = {
			isa = PBXShellScriptBuildPhase;
			buildActionMask = 2147483647;
			files = (
			);
			inputPaths = (
			);
			name = "[CP] Embed Pods Frameworks";
			outputPaths = (
			);
			runOnlyForDeploymentPostprocessing = 0;
			shellPath = /bin/sh;
			shellScript = "\"${SRCROOT}/Pods/Target Support Files/Pods-YTS/Pods-YTS-frameworks.sh\"\n";
			showEnvVarsInLog = 0;
		};
/* End PBXShellScriptBuildPhase section */

/* Begin PBXSourcesBuildPhase section */
		F77756081E10F49800CE64C3 /* Sources */ = {
			isa = PBXSourcesBuildPhase;
			buildActionMask = 2147483647;
			files = (
				F77756241E1107CE00CE64C3 /* Extensions.swift in Sources */,
				F7FA29171E12982300CD5536 /* ServerPreferencesViewController.swift in Sources */,
				F77756301E11153E00CE64C3 /* Movie.swift in Sources */,
				F77756341E11158D00CE64C3 /* Genre.swift in Sources */,
				F777561D1E10F51B00CE64C3 /* StatusMenuController.swift in Sources */,
				F77756321E11155A00CE64C3 /* Torrent.swift in Sources */,
				F77756281E110FE400CE64C3 /* Torrentino.swift in Sources */,
				F777562D1E11129200CE64C3 /* Parser.swift in Sources */,
				F777562B1E11107B00CE64C3 /* EnumsAPI.swift in Sources */,
				F77756211E1105D800CE64C3 /* Server.swift in Sources */,
				F77756101E10F49800CE64C3 /* AppDelegate.swift in Sources */,
				F77756361E1116C800CE64C3 /* MoviesAPI.swift in Sources */,
				F7FA29131E1297A900CD5536 /* ParserPreferencesViewController.swift in Sources */,
				F7ECA0131E12B5C200337A0B /* AboutWindowController.swift in Sources */,
			);
			runOnlyForDeploymentPostprocessing = 0;
		};
/* End PBXSourcesBuildPhase section */

/* Begin PBXVariantGroup section */
		F77756131E10F49800CE64C3 /* MainMenu.xib */ = {
			isa = PBXVariantGroup;
			children = (
				F77756141E10F49800CE64C3 /* Base */,
			);
			name = MainMenu.xib;
			sourceTree = "<group>";
		};
/* End PBXVariantGroup section */

/* Begin XCBuildConfiguration section */
		F77756171E10F49800CE64C3 /* Debug */ = {
			isa = XCBuildConfiguration;
			buildSettings = {
				ALWAYS_SEARCH_USER_PATHS = NO;
				CLANG_ANALYZER_NONNULL = YES;
				CLANG_CXX_LANGUAGE_STANDARD = "gnu++0x";
				CLANG_CXX_LIBRARY = "libc++";
				CLANG_ENABLE_MODULES = YES;
				CLANG_ENABLE_OBJC_ARC = YES;
				CLANG_WARN_BOOL_CONVERSION = YES;
				CLANG_WARN_CONSTANT_CONVERSION = YES;
				CLANG_WARN_DIRECT_OBJC_ISA_USAGE = YES_ERROR;
				CLANG_WARN_DOCUMENTATION_COMMENTS = YES;
				CLANG_WARN_EMPTY_BODY = YES;
				CLANG_WARN_ENUM_CONVERSION = YES;
				CLANG_WARN_INFINITE_RECURSION = YES;
				CLANG_WARN_INT_CONVERSION = YES;
				CLANG_WARN_OBJC_ROOT_CLASS = YES_ERROR;
				CLANG_WARN_SUSPICIOUS_MOVE = YES;
				CLANG_WARN_UNREACHABLE_CODE = YES;
				CLANG_WARN__DUPLICATE_METHOD_MATCH = YES;
				CODE_SIGN_IDENTITY = "-";
				COPY_PHASE_STRIP = NO;
				DEBUG_INFORMATION_FORMAT = dwarf;
				ENABLE_STRICT_OBJC_MSGSEND = YES;
				ENABLE_TESTABILITY = YES;
				GCC_C_LANGUAGE_STANDARD = gnu99;
				GCC_DYNAMIC_NO_PIC = NO;
				GCC_NO_COMMON_BLOCKS = YES;
				GCC_OPTIMIZATION_LEVEL = 0;
				GCC_PREPROCESSOR_DEFINITIONS = (
					"DEBUG=1",
					"$(inherited)",
				);
				GCC_WARN_64_TO_32_BIT_CONVERSION = YES;
				GCC_WARN_ABOUT_RETURN_TYPE = YES_ERROR;
				GCC_WARN_UNDECLARED_SELECTOR = YES;
				GCC_WARN_UNINITIALIZED_AUTOS = YES_AGGRESSIVE;
				GCC_WARN_UNUSED_FUNCTION = YES;
				GCC_WARN_UNUSED_VARIABLE = YES;
				MACOSX_DEPLOYMENT_TARGET = 10.12;
				MTL_ENABLE_DEBUG_INFO = YES;
				ONLY_ACTIVE_ARCH = YES;
				SDKROOT = macosx;
				SWIFT_ACTIVE_COMPILATION_CONDITIONS = DEBUG;
				SWIFT_OPTIMIZATION_LEVEL = "-Onone";
			};
			name = Debug;
		};
		F77756181E10F49800CE64C3 /* Release */ = {
			isa = XCBuildConfiguration;
			buildSettings = {
				ALWAYS_SEARCH_USER_PATHS = NO;
				CLANG_ANALYZER_NONNULL = YES;
				CLANG_CXX_LANGUAGE_STANDARD = "gnu++0x";
				CLANG_CXX_LIBRARY = "libc++";
				CLANG_ENABLE_MODULES = YES;
				CLANG_ENABLE_OBJC_ARC = YES;
				CLANG_WARN_BOOL_CONVERSION = YES;
				CLANG_WARN_CONSTANT_CONVERSION = YES;
				CLANG_WARN_DIRECT_OBJC_ISA_USAGE = YES_ERROR;
				CLANG_WARN_DOCUMENTATION_COMMENTS = YES;
				CLANG_WARN_EMPTY_BODY = YES;
				CLANG_WARN_ENUM_CONVERSION = YES;
				CLANG_WARN_INFINITE_RECURSION = YES;
				CLANG_WARN_INT_CONVERSION = YES;
				CLANG_WARN_OBJC_ROOT_CLASS = YES_ERROR;
				CLANG_WARN_SUSPICIOUS_MOVE = YES;
				CLANG_WARN_UNREACHABLE_CODE = YES;
				CLANG_WARN__DUPLICATE_METHOD_MATCH = YES;
				CODE_SIGN_IDENTITY = "-";
				COPY_PHASE_STRIP = NO;
				DEBUG_INFORMATION_FORMAT = "dwarf-with-dsym";
				ENABLE_NS_ASSERTIONS = NO;
				ENABLE_STRICT_OBJC_MSGSEND = YES;
				GCC_C_LANGUAGE_STANDARD = gnu99;
				GCC_NO_COMMON_BLOCKS = YES;
				GCC_WARN_64_TO_32_BIT_CONVERSION = YES;
				GCC_WARN_ABOUT_RETURN_TYPE = YES_ERROR;
				GCC_WARN_UNDECLARED_SELECTOR = YES;
				GCC_WARN_UNINITIALIZED_AUTOS = YES_AGGRESSIVE;
				GCC_WARN_UNUSED_FUNCTION = YES;
				GCC_WARN_UNUSED_VARIABLE = YES;
				MACOSX_DEPLOYMENT_TARGET = 10.12;
				MTL_ENABLE_DEBUG_INFO = NO;
				SDKROOT = macosx;
				SWIFT_OPTIMIZATION_LEVEL = "-Owholemodule";
			};
			name = Release;
		};
		F777561A1E10F49800CE64C3 /* Debug */ = {
			isa = XCBuildConfiguration;
			baseConfigurationReference = C273B8791CF7D39B4B42AF54 /* Pods-YTS.debug.xcconfig */;
			buildSettings = {
				ALWAYS_EMBED_SWIFT_STANDARD_LIBRARIES = YES;
				ASSETCATALOG_COMPILER_APPICON_NAME = AppIcon;
				COMBINE_HIDPI_IMAGES = YES;
				DEVELOPMENT_TEAM = URPAD7DNKD;
				INFOPLIST_FILE = YTS/Info.plist;
				LD_RUNPATH_SEARCH_PATHS = "$(inherited) @executable_path/../Frameworks";
				PRODUCT_BUNDLE_IDENTIFIER = tech.voynov.YTS;
				PRODUCT_NAME = "$(TARGET_NAME)";
				SWIFT_VERSION = 3.0;
			};
			name = Debug;
		};
		F777561B1E10F49800CE64C3 /* Release */ = {
			isa = XCBuildConfiguration;
			baseConfigurationReference = C32C206F283B7735D4BB1AFB /* Pods-YTS.release.xcconfig */;
			buildSettings = {
				ALWAYS_EMBED_SWIFT_STANDARD_LIBRARIES = YES;
				ASSETCATALOG_COMPILER_APPICON_NAME = AppIcon;
				COMBINE_HIDPI_IMAGES = YES;
				DEVELOPMENT_TEAM = URPAD7DNKD;
				INFOPLIST_FILE = YTS/Info.plist;
				LD_RUNPATH_SEARCH_PATHS = "$(inherited) @executable_path/../Frameworks";
				PRODUCT_BUNDLE_IDENTIFIER = tech.voynov.YTS;
				PRODUCT_NAME = "$(TARGET_NAME)";
				SWIFT_VERSION = 3.0;
			};
			name = Release;
		};
/* End XCBuildConfiguration section */

/* Begin XCConfigurationList section */
		F77756071E10F49800CE64C3 /* Build configuration list for PBXProject "YTS" */ = {
			isa = XCConfigurationList;
			buildConfigurations = (
				F77756171E10F49800CE64C3 /* Debug */,
				F77756181E10F49800CE64C3 /* Release */,
			);
			defaultConfigurationIsVisible = 0;
			defaultConfigurationName = Release;
		};
		F77756191E10F49800CE64C3 /* Build configuration list for PBXNativeTarget "YTS" */ = {
			isa = XCConfigurationList;
			buildConfigurations = (
				F777561A1E10F49800CE64C3 /* Debug */,
				F777561B1E10F49800CE64C3 /* Release */,
			);
			defaultConfigurationIsVisible = 0;
			defaultConfigurationName = Release;
		};
/* End XCConfigurationList section */
	};
	rootObject = F77756041E10F49800CE64C3 /* Project object */;
}
